{
  "name": "lan-clip",
  "lockfileVersion": 3,
  "requires": true,
  "packages": {
    "": {
      "dependencies": {
        "@tauri-apps/plugin-notification": "^2.3.3"
      }
    },
    "node_modules/@tauri-apps/api": {
      "version": "2.11.0",
      "resolved": "https://registry.npmjs.org/@tauri-apps/api/-/api-2.11.0.tgz",
      "integrity": "sha512-7CinYODhky9lmO23xHnUFv0Xt43fbtWMyxZcLcRBlFkcgXKuEirBvHpmtJ89YMhyeGcq20Wuc47Fa4XjyniywA==",
      "funding": {
        "type": "opencollective",
        "url": "https://opencollective.com/tauri"
      }
    },
    "node_modules/@tauri-apps/plugin-notification": {
      "version": "2.3.3",
      "resolved": "https://registry.npmjs.org/@tauri-apps/plugin-notification/-/plugin-notification-2.3.3.tgz",
      "integrity": "sha512-Zw+ZH18RJb41G4NrfHgIuofJiymusqN+q8fGUIIV7vyCH+5sSn5coqRv/MWB9qETsUs97vmU045q7OyseCV3Qg==",
      "dependencies": {
        "@tauri-apps/api": "^2.8.0"
      }
    }
  }
}
